
Microsoft Visual Studio Solution File, Format Version 12.00
# Visual Studio Version 17
VisualStudioVersion = 17.7.34031.279
MinimumVisualStudioVersion = 10.0.40219.1
Project("{FAE04EC0-301F-11D3-BF4B-00C04F79EFBC}") = "SplitViewCommander", "SplitViewCommander.csproj", "{6CEBDCD6-7F4C-42FF-AB91-FE8B1A3D9C58}"
EndProject
Global
	GlobalSection(SolutionConfigurationPlatforms) = preSolution
		Debug|Any CPU = Debug|Any CPU
		Release|Any CPU = Release|Any CPU
	EndGlobalSection
	GlobalSection(ProjectConfigurationPlatforms) = postSolution
		{6CEBDCD6-7F4C-42FF-AB91-FE8B1A3D9C58}.Debug|Any CPU.ActiveCfg = Debug|Any CPU
		{6CEBDCD6-7F4C-42FF-AB91-FE8B1A3D9C58}.Debug|Any CPU.Build.0 = Debug|Any CPU
		{6CEBDCD6-7F4C-42FF-AB91-FE8B1A3D9C58}.Release|Any CPU.ActiveCfg = Release|Any CPU
		{6CEBDCD6-7F4C-42FF-AB91-FE8B1A3D9C58}.Release|Any CPU.Build.0 = Release|Any CPU
	EndGlobalSection
	GlobalSection(SolutionProperties) = preSolution
		HideSolutionNode = FALSE
	EndGlobalSection
	GlobalSection(ExtensibilityGlobals) = postSolution
		SolutionGuid = {473DD410-102A-42BD-9C58-FE32CB87029E}
	EndGlobalSection
EndGlobal
